// !$*UTF8*$!
{
	archiveVersion = 1;
	classes = {
	};
	objectVersion = 50;
	objects = {

/* Begin PBXBuildFile section */
		6FF8D74225771F3900447805 /* groupItems.json in Resources */ = {isa = PBXBuildFile; fileRef = 6FF8D74025771F3900447805 /* groupItems.json */; };
		6FF8D74325771F3900447805 /* groups.json in Resources */ = {isa = PBXBuildFile; fileRef = 6FF8D74125771F3900447805 /* groups.json */; };
		6FF8D776257BD63600447805 /* BackgroundView.swift in Sources */ = {isa = PBXBuildFile; fileRef = 6FF8D775257BD63600447805 /* BackgroundView.swift */; };
		6FF8D77D257DA75D00447805 /* MockService.swift in Sources */ = {isa = PBXBuildFile; fileRef = 6FF8D77C257DA75D00447805 /* MockService.swift */; };
		6FF8D784257DAB4900447805 /* Character.swift in Sources */ = {isa = PBXBuildFile; fileRef = 6FF8D783257DAB4900447805 /* Character.swift */; };
		6FF8D788257DAB7500447805 /* String.swift in Sources */ = {isa = PBXBuildFile; fileRef = 6FF8D787257DAB7500447805 /* String.swift */; };
		A43F02F8256E6DD900728B1A /* SwiftUICardsDemoApp.swift in Sources */ = {isa = PBXBuildFile; fileRef = A43F02F7256E6DD900728B1A /* SwiftUICardsDemoApp.swift */; };
		A43F02FA256E6DD900728B1A /* ContentView.swift in Sources */ = {isa = PBXBuildFile; fileRef = A43F02F9256E6DD900728B1A /* ContentView.swift */; };
		A43F02FC256E6DDB00728B1A /* Assets.xcassets in Resources */ = {isa = PBXBuildFile; fileRef = A43F02FB256E6DDB00728B1A /* Assets.xcassets */; };
		A43F02FF256E6DDB00728B1A /* Preview Assets.xcassets in Resources */ = {isa = PBXBuildFile; fileRef = A43F02FE256E6DDB00728B1A /* Preview Assets.xcassets */; };
		A43F0308256E6E6E00728B1A /* CardView.swift in Sources */ = {isa = PBXBuildFile; fileRef = A43F0307256E6E6E00728B1A /* CardView.swift */; };
		A43F030B256E6F3C00728B1A /* GroupsView.swift in Sources */ = {isa = PBXBuildFile; fileRef = A43F030A256E6F3C00728B1A /* GroupsView.swift */; };
		A43F030E256E6F4700728B1A /* CardsView.swift in Sources */ = {isa = PBXBuildFile; fileRef = A43F030D256E6F4700728B1A /* CardsView.swift */; };
		A43F0313256E6F9200728B1A /* GroupItemDetails.swift in Sources */ = {isa = PBXBuildFile; fileRef = A43F0312256E6F9200728B1A /* GroupItemDetails.swift */; };
		A43F0317256E6FF700728B1A /* GroupItem.swift in Sources */ = {isa = PBXBuildFile; fileRef = A43F0316256E6FF700728B1A /* GroupItem.swift */; };
/* End PBXBuildFile section */

/* Begin PBXFileReference section */
		6FF8D74025771F3900447805 /* groupItems.json */ = {isa = PBXFileReference; fileEncoding = 4; lastKnownFileType = text.json; path = groupItems.json; sourceTree = "<group>"; };
		6FF8D74125771F3900447805 /* groups.json */ = {isa = PBXFileReference; fileEncoding = 4; lastKnownFileType = text.json; path = groups.json; sourceTree = "<group>"; };
		6FF8D775257BD63600447805 /* BackgroundView.swift */ = {isa = PBXFileReference; lastKnownFileType = sourcecode.swift; path = BackgroundView.swift; sourceTree = "<group>"; };
		6FF8D77C257DA75D00447805 /* MockService.swift */ = {isa = PBXFileReference; lastKnownFileType = sourcecode.swift; path = MockService.swift; sourceTree = "<group>"; };
		6FF8D783257DAB4900447805 /* Character.swift */ = {isa = PBXFileReference; lastKnownFileType = sourcecode.swift; path = Character.swift; sourceTree = "<group>"; };
		6FF8D787257DAB7500447805 /* String.swift */ = {isa = PBXFileReference; lastKnownFileType = sourcecode.swift; path = String.swift; sourceTree = "<group>"; };
		A43F02F4256E6DD900728B1A /* SwiftUICardsDemo.app */ = {isa = PBXFileReference; explicitFileType = wrapper.application; includeInIndex = 0; path = SwiftUICardsDemo.app; sourceTree = BUILT_PRODUCTS_DIR; };
		A43F02F7256E6DD900728B1A /* SwiftUICardsDemoApp.swift */ = {isa = PBXFileReference; lastKnownFileType = sourcecode.swift; path = SwiftUICardsDemoApp.swift; sourceTree = "<group>"; };
		A43F02F9256E6DD900728B1A /* ContentView.swift */ = {isa = PBXFileReference; lastKnownFileType = sourcecode.swift; path = ContentView.swift; sourceTree = "<group>"; };
		A43F02FB256E6DDB00728B1A /* Assets.xcassets */ = {isa = PBXFileReference; lastKnownFileType = folder.assetcatalog; path = Assets.xcassets; sourceTree = "<group>"; };
		A43F02FE256E6DDB00728B1A /* Preview Assets.xcassets */ = {isa = PBXFileReference; lastKnownFileType = folder.assetcatalog; path = "Preview Assets.xcassets"; sourceTree = "<group>"; };
		A43F0300256E6DDB00728B1A /* Info.plist */ = {isa = PBXFileReference; lastKnownFileType = text.plist.xml; path = Info.plist; sourceTree = "<group>"; };
		A43F0307256E6E6E00728B1A /* CardView.swift */ = {isa = PBXFileReference; lastKnownFileType = sourcecode.swift; path = CardView.swift; sourceTree = "<group>"; };
		A43F030A256E6F3C00728B1A /* GroupsView.swift */ = {isa = PBXFileReference; lastKnownFileType = sourcecode.swift; path = GroupsView.swift; sourceTree = "<group>"; };
		A43F030D256E6F4700728B1A /* CardsView.swift */ = {isa = PBXFileReference; lastKnownFileType = sourcecode.swift; path = CardsView.swift; sourceTree = "<group>"; };
		A43F0312256E6F9200728B1A /* GroupItemDetails.swift */ = {isa = PBXFileReference; lastKnownFileType = sourcecode.swift; path = GroupItemDetails.swift; sourceTree = "<group>"; };
		A43F0316256E6FF700728B1A /* GroupItem.swift */ = {isa = PBXFileReference; lastKnownFileType = sourcecode.swift; path = GroupItem.swift; sourceTree = "<group>"; };
/* End PBXFileReference section */

/* Begin PBXFrameworksBuildPhase section */
		A43F02F1256E6DD900728B1A /* Frameworks */ = {
			isa = PBXFrameworksBuildPhase;
			buildActionMask = 2147483647;
			files = (
			);
			runOnlyForDeploymentPostprocessing = 0;
		};
/* End PBXFrameworksBuildPhase section */

/* Begin PBXGroup section */
		6FF8D73B257711DE00447805 /* Resources */ = {
			isa = PBXGroup;
			children = (
				6FF8D74025771F3900447805 /* groupItems.json */,
				6FF8D74125771F3900447805 /* groups.json */,
			);
			path = Resources;
			sourceTree = "<group>";
		};
		6FF8D77B257DA74700447805 /* Services */ = {
			isa = PBXGroup;
			children = (
				6FF8D77C257DA75D00447805 /* MockService.swift */,
			);
			path = Services;
			sourceTree = "<group>";
		};
		6FF8D782257DAB3A00447805 /* Extensions */ = {
			isa = PBXGroup;
			children = (
				6FF8D783257DAB4900447805 /* Character.swift */,
				6FF8D787257DAB7500447805 /* String.swift */,
			);
			path = Extensions;
			sourceTree = "<group>";
		};
		A43F02EB256E6DD900728B1A = {
			isa = PBXGroup;
			children = (
				A43F02F6256E6DD900728B1A /* SwiftUICardsDemo */,
				A43F02F5256E6DD900728B1A /* Products */,
			);
			sourceTree = "<group>";
		};
		A43F02F5256E6DD900728B1A /* Products */ = {
			isa = PBXGroup;
			children = (
				A43F02F4256E6DD900728B1A /* SwiftUICardsDemo.app */,
			);
			name = Products;
			sourceTree = "<group>";
		};
		A43F02F6256E6DD900728B1A /* SwiftUICardsDemo */ = {
			isa = PBXGroup;
			children = (
				6FF8D782257DAB3A00447805 /* Extensions */,
				A43F02F7256E6DD900728B1A /* SwiftUICardsDemoApp.swift */,
				A43F02FB256E6DDB00728B1A /* Assets.xcassets */,
				A43F0300256E6DDB00728B1A /* Info.plist */,
				A43F02FD256E6DDB00728B1A /* Preview Content */,
				6FF8D73B257711DE00447805 /* Resources */,
				6FF8D77B257DA74700447805 /* Services */,
				A43F0311256E6F8800728B1A /* Model */,
				A43F0310256E6F8400728B1A /* View */,
			);
			path = SwiftUICardsDemo;
			sourceTree = "<group>";
		};
		A43F02FD256E6DDB00728B1A /* Preview Content */ = {
			isa = PBXGroup;
			children = (
				A43F02FE256E6DDB00728B1A /* Preview Assets.xcassets */,
			);
			path = "Preview Content";
			sourceTree = "<group>";
		};
		A43F0310256E6F8400728B1A /* View */ = {
			isa = PBXGroup;
			children = (
				A43F02F9256E6DD900728B1A /* ContentView.swift */,
				A43F030A256E6F3C00728B1A /* GroupsView.swift */,
				A43F030D256E6F4700728B1A /* CardsView.swift */,
				A43F0307256E6E6E00728B1A /* CardView.swift */,
				6FF8D775257BD63600447805 /* BackgroundView.swift */,
			);
			path = View;
			sourceTree = "<group>";
		};
		A43F0311256E6F8800728B1A /* Model */ = {
			isa = PBXGroup;
			children = (
				A43F0312256E6F9200728B1A /* GroupItemDetails.swift */,
				A43F0316256E6FF700728B1A /* GroupItem.swift */,
			);
			path = Model;
			sourceTree = "<group>";
		};
/* End PBXGroup section */

/* Begin PBXNativeTarget section */
		A43F02F3256E6DD900728B1A /* SwiftUICardsDemo */ = {
			isa = PBXNativeTarget;
			buildConfigurationList = A43F0303256E6DDB00728B1A /* Build configuration list for PBXNativeTarget "SwiftUICardsDemo" */;
			buildPhases = (
				A43F02F0256E6DD900728B1A /* Sources */,
				A43F02F1256E6DD900728B1A /* Frameworks */,
				A43F02F2256E6DD900728B1A /* Resources */,
			);
			buildRules = (
			);
			dependencies = (
			);
			name = SwiftUICardsDemo;
			productName = SwiftUICardsDemo;
			productReference = A43F02F4256E6DD900728B1A /* SwiftUICardsDemo.app */;
			productType = "com.apple.product-type.application";
		};
/* End PBXNativeTarget section */

/* Begin PBXProject section */
		A43F02EC256E6DD900728B1A /* Project object */ = {
			isa = PBXProject;
			attributes = {
				LastSwiftUpdateCheck = 1220;
				LastUpgradeCheck = 1220;
				TargetAttributes = {
					A43F02F3256E6DD900728B1A = {
						CreatedOnToolsVersion = 12.2;
					};
				};
			};
			buildConfigurationList = A43F02EF256E6DD900728B1A /* Build configuration list for PBXProject "SwiftUICardsDemo" */;
			compatibilityVersion = "Xcode 9.3";
			developmentRegion = en;
			hasScannedForEncodings = 0;
			knownRegions = (
				en,
				Base,
			);
			mainGroup = A43F02EB256E6DD900728B1A;
			productRefGroup = A43F02F5256E6DD900728B1A /* Products */;
			projectDirPath = "";
			projectRoot = "";
			targets = (
				A43F02F3256E6DD900728B1A /* SwiftUICardsDemo */,
			);
		};
/* End PBXProject section */

/* Begin PBXResourcesBuildPhase section */
		A43F02F2256E6DD900728B1A /* Resources */ = {
			isa = PBXResourcesBuildPhase;
			buildActionMask = 2147483647;
			files = (
				A43F02FF256E6DDB00728B1A /* Preview Assets.xcassets in Resources */,
				6FF8D74225771F3900447805 /* groupItems.json in Resources */,
				A43F02FC256E6DDB00728B1A /* Assets.xcassets in Resources */,
				6FF8D74325771F3900447805 /* groups.json in Resources */,
			);
			runOnlyForDeploymentPostprocessing = 0;
		};
/* End PBXResourcesBuildPhase section */

/* Begin PBXSourcesBuildPhase section */
		A43F02F0256E6DD900728B1A /* Sources */ = {
			isa = PBXSourcesBuildPhase;
			buildActionMask = 2147483647;
			files = (
				6FF8D776257BD63600447805 /* BackgroundView.swift in Sources */,
				6FF8D788257DAB7500447805 /* String.swift in Sources */,
				6FF8D77D257DA75D00447805 /* MockService.swift in Sources */,
				A43F0317256E6FF700728B1A /* GroupItem.swift in Sources */,
				A43F030E256E6F4700728B1A /* CardsView.swift in Sources */,
				A43F0313256E6F9200728B1A /* GroupItemDetails.swift in Sources */,
				A43F02FA256E6DD900728B1A /* ContentView.swift in Sources */,
				A43F0308256E6E6E00728B1A /* CardView.swift in Sources */,
				6FF8D784257DAB4900447805 /* Character.swift in Sources */,
				A43F02F8256E6DD900728B1A /* SwiftUICardsDemoApp.swift in Sources */,
				A43F030B256E6F3C00728B1A /* GroupsView.swift in Sources */,
			);
			runOnlyForDeploymentPostprocessing = 0;
		};
/* End PBXSourcesBuildPhase section */

/* Begin XCBuildConfiguration section */
		A43F0301256E6DDB00728B1A /* Debug */ = {
			isa = XCBuildConfiguration;
			buildSettings = {
				ALWAYS_SEARCH_USER_PATHS = NO;
				CLANG_ANALYZER_NONNULL = YES;
				CLANG_ANALYZER_NUMBER_OBJECT_CONVERSION = YES_AGGRESSIVE;
				CLANG_CXX_LANGUAGE_STANDARD = "gnu++14";
				CLANG_CXX_LIBRARY = "libc++";
				CLANG_ENABLE_MODULES = YES;
				CLANG_ENABLE_OBJC_ARC = YES;
				CLANG_ENABLE_OBJC_WEAK = YES;
				CLANG_WARN_BLOCK_CAPTURE_AUTORELEASING = YES;
				CLANG_WARN_BOOL_CONVERSION = YES;
				CLANG_WARN_COMMA = YES;
				CLANG_WARN_CONSTANT_CONVERSION = YES;
				CLANG_WARN_DEPRECATED_OBJC_IMPLEMENTATIONS = YES;
				CLANG_WARN_DIRECT_OBJC_ISA_USAGE = YES_ERROR;
				CLANG_WARN_DOCUMENTATION_COMMENTS = YES;
				CLANG_WARN_EMPTY_BODY = YES;
				CLANG_WARN_ENUM_CONVERSION = YES;
				CLANG_WARN_INFINITE_RECURSION = YES;
				CLANG_WARN_INT_CONVERSION = YES;
				CLANG_WARN_NON_LITERAL_NULL_CONVERSION = YES;
				CLANG_WARN_OBJC_IMPLICIT_RETAIN_SELF = YES;
				CLANG_WARN_OBJC_LITERAL_CONVERSION = YES;
				CLANG_WARN_OBJC_ROOT_CLASS = YES_ERROR;
				CLANG_WARN_QUOTED_INCLUDE_IN_FRAMEWORK_HEADER = YES;
				CLANG_WARN_RANGE_LOOP_ANALYSIS = YES;
				CLANG_WARN_STRICT_PROTOTYPES = YES;
				CLANG_WARN_SUSPICIOUS_MOVE = YES;
				CLANG_WARN_UNGUARDED_AVAILABILITY = YES_AGGRESSIVE;
				CLANG_WARN_UNREACHABLE_CODE = YES;
				CLANG_WARN__DUPLICATE_METHOD_MATCH = YES;
				COPY_PHASE_STRIP = NO;
				DEBUG_INFORMATION_FORMAT = dwarf;
				ENABLE_STRICT_OBJC_MSGSEND = YES;
				ENABLE_TESTABILITY = YES;
				GCC_C_LANGUAGE_STANDARD = gnu11;
				GCC_DYNAMIC_NO_PIC = NO;
				GCC_NO_COMMON_BLOCKS = YES;
				GCC_OPTIMIZATION_LEVEL = 0;
				GCC_PREPROCESSOR_DEFINITIONS = (
					"DEBUG=1",
					"$(inherited)",
				);
				GCC_WARN_64_TO_32_BIT_CONVERSION = YES;
				GCC_WARN_ABOUT_RETURN_TYPE = YES_ERROR;
				GCC_WARN_UNDECLARED_SELECTOR = YES;
				GCC_WARN_UNINITIALIZED_AUTOS = YES_AGGRESSIVE;
				GCC_WARN_UNUSED_FUNCTION = YES;
				GCC_WARN_UNUSED_VARIABLE = YES;
				IPHONEOS_DEPLOYMENT_TARGET = 14.2;
				MTL_ENABLE_DEBUG_INFO = INCLUDE_SOURCE;
				MTL_FAST_MATH = YES;
				ONLY_ACTIVE_ARCH = YES;
				SDKROOT = iphoneos;
				SWIFT_ACTIVE_COMPILATION_CONDITIONS = DEBUG;
				SWIFT_OPTIMIZATION_LEVEL = "-Onone";
			};
			name = Debug;
		};
		A43F0302256E6DDB00728B1A /* Release */ = {
			isa = XCBuildConfiguration;
			buildSettings = {
				ALWAYS_SEARCH_USER_PATHS = NO;
				CLANG_ANALYZER_NONNULL = YES;
				CLANG_ANALYZER_NUMBER_OBJECT_CONVERSION = YES_AGGRESSIVE;
				CLANG_CXX_LANGUAGE_STANDARD = "gnu++14";
				CLANG_CXX_LIBRARY = "libc++";
				CLANG_ENABLE_MODULES = YES;
				CLANG_ENABLE_OBJC_ARC = YES;
				CLANG_ENABLE_OBJC_WEAK = YES;
				CLANG_WARN_BLOCK_CAPTURE_AUTORELEASING = YES;
				CLANG_WARN_BOOL_CONVERSION = YES;
				CLANG_WARN_COMMA = YES;
				CLANG_WARN_CONSTANT_CONVERSION = YES;
				CLANG_WARN_DEPRECATED_OBJC_IMPLEMENTATIONS = YES;
				CLANG_WARN_DIRECT_OBJC_ISA_USAGE = YES_ERROR;
				CLANG_WARN_DOCUMENTATION_COMMENTS = YES;
				CLANG_WARN_EMPTY_BODY = YES;
				CLANG_WARN_ENUM_CONVERSION = YES;
				CLANG_WARN_INFINITE_RECURSION = YES;
				CLANG_WARN_INT_CONVERSION = YES;
				CLANG_WARN_NON_LITERAL_NULL_CONVERSION = YES;
				CLANG_WARN_OBJC_IMPLICIT_RETAIN_SELF = YES;
				CLANG_WARN_OBJC_LITERAL_CONVERSION = YES;
				CLANG_WARN_OBJC_ROOT_CLASS = YES_ERROR;
				CLANG_WARN_QUOTED_INCLUDE_IN_FRAMEWORK_HEADER = YES;
				CLANG_WARN_RANGE_LOOP_ANALYSIS = YES;
				CLANG_WARN_STRICT_PROTOTYPES = YES;
				CLANG_WARN_SUSPICIOUS_MOVE = YES;
				CLANG_WARN_UNGUARDED_AVAILABILITY = YES_AGGRESSIVE;
				CLANG_WARN_UNREACHABLE_CODE = YES;
				CLANG_WARN__DUPLICATE_METHOD_MATCH = YES;
				COPY_PHASE_STRIP = NO;
				DEBUG_INFORMATION_FORMAT = "dwarf-with-dsym";
				ENABLE_NS_ASSERTIONS = NO;
				ENABLE_STRICT_OBJC_MSGSEND = YES;
				GCC_C_LANGUAGE_STANDARD = gnu11;
				GCC_NO_COMMON_BLOCKS = YES;
				GCC_WARN_64_TO_32_BIT_CONVERSION = YES;
				GCC_WARN_ABOUT_RETURN_TYPE = YES_ERROR;
				GCC_WARN_UNDECLARED_SELECTOR = YES;
				GCC_WARN_UNINITIALIZED_AUTOS = YES_AGGRESSIVE;
				GCC_WARN_UNUSED_FUNCTION = YES;
				GCC_WARN_UNUSED_VARIABLE = YES;
				IPHONEOS_DEPLOYMENT_TARGET = 14.2;
				MTL_ENABLE_DEBUG_INFO = NO;
				MTL_FAST_MATH = YES;
				SDKROOT = iphoneos;
				SWIFT_COMPILATION_MODE = wholemodule;
				SWIFT_OPTIMIZATION_LEVEL = "-O";
				VALIDATE_PRODUCT = YES;
			};
			name = Release;
		};
		A43F0304256E6DDB00728B1A /* Debug */ = {
			isa = XCBuildConfiguration;
			buildSettings = {
				ASSETCATALOG_COMPILER_APPICON_NAME = AppIcon;
				ASSETCATALOG_COMPILER_GLOBAL_ACCENT_COLOR_NAME = AccentColor;
				CODE_SIGN_STYLE = Automatic;
				DEVELOPMENT_ASSET_PATHS = "\"SwiftUICardsDemo/Preview Content\"";
				DEVELOPMENT_TEAM = 9JH2U4SKKP;
				ENABLE_PREVIEWS = YES;
				INFOPLIST_FILE = SwiftUICardsDemo/Info.plist;
				IPHONEOS_DEPLOYMENT_TARGET = 14.0;
				LD_RUNPATH_SEARCH_PATHS = (
					"$(inherited)",
					"@executable_path/Frameworks",
				);
				PRODUCT_BUNDLE_IDENTIFIER = ash.SwiftUICardsDemo;
				PRODUCT_NAME = "$(TARGET_NAME)";
				SWIFT_VERSION = 5.0;
				TARGETED_DEVICE_FAMILY = "1,2";
			};
			name = Debug;
		};
		A43F0305256E6DDB00728B1A /* Release */ = {
			isa = XCBuildConfiguration;
			buildSettings = {
				ASSETCATALOG_COMPILER_APPICON_NAME = AppIcon;
				ASSETCATALOG_COMPILER_GLOBAL_ACCENT_COLOR_NAME = AccentColor;
				CODE_SIGN_STYLE = Automatic;
				DEVELOPMENT_ASSET_PATHS = "\"SwiftUICardsDemo/Preview Content\"";
				DEVELOPMENT_TEAM = 9JH2U4SKKP;
				ENABLE_PREVIEWS = YES;
				INFOPLIST_FILE = SwiftUICardsDemo/Info.plist;
				IPHONEOS_DEPLOYMENT_TARGET = 14.0;
				LD_RUNPATH_SEARCH_PATHS = (
					"$(inherited)",
					"@executable_path/Frameworks",
				);
				PRODUCT_BUNDLE_IDENTIFIER = ash.SwiftUICardsDemo;
				PRODUCT_NAME = "$(TARGET_NAME)";
				SWIFT_VERSION = 5.0;
				TARGETED_DEVICE_FAMILY = "1,2";
			};
			name = Release;
		};
/* End XCBuildConfiguration section */

/* Begin XCConfigurationList section */
		A43F02EF256E6DD900728B1A /* Build configuration list for PBXProject "SwiftUICardsDemo" */ = {
			isa = XCConfigurationList;
			buildConfigurations = (
				A43F0301256E6DDB00728B1A /* Debug */,
				A43F0302256E6DDB00728B1A /* Release */,
			);
			defaultConfigurationIsVisible = 0;
			defaultConfigurationName = Release;
		};
		A43F0303256E6DDB00728B1A /* Build configuration list for PBXNativeTarget "SwiftUICardsDemo" */ = {
			isa = XCConfigurationList;
			buildConfigurations = (
				A43F0304256E6DDB00728B1A /* Debug */,
				A43F0305256E6DDB00728B1A /* Release */,
			);
			defaultConfigurationIsVisible = 0;
			defaultConfigurationName = Release;
		};
/* End XCConfigurationList section */
	};
	rootObject = A43F02EC256E6DD900728B1A /* Project object */;
}
